{
  "name": "postcss-partypack",
  "version": "1.0.0",
  "lockfileVersion": 1,
  "requires": true,
  "dependencies": {
    "ajv": {
      "version": "5.2.3",
      "resolved": "https://registry.npmjs.org/ajv/-/ajv-5.2.3.tgz",
      "integrity": "sha1-wG9Zh3jETGsWGrr+NGa4GtGBTtI=",
      "requires": {
        "co": "4.6.0",
        "fast-deep-equal": "1.0.0",
        "json-schema-traverse": "0.3.1",
        "json-stable-stringify": "1.0.1"
      }
    },
    "ansi-styles": {
      "version": "3.2.0",
      "resolved": "https://registry.npmjs.org/ansi-styles/-/ansi-styles-3.2.0.tgz",
      "integrity": "sha512-NnSOmMEYtVR2JVMIGTzynRkkaxtiq1xnFBcdQD/DnNCYPoEPsVJhM98BDyaoNOQIi7p4okdi3E27eN7GQbsUug==",
      "requires": {
        "color-convert": "1.9.0"
      }
    },
    "asn1": {
      "version": "0.2.3",
      "resolved": "https://registry.npmjs.org/asn1/-/asn1-0.2.3.tgz",
      "integrity": "sha1-2sh4dxPJlmhJ/IGAd36+nB3fO4Y="
    },
    "assert-plus": {
      "version": "1.0.0",
      "resolved": "https://registry.npmjs.org/assert-plus/-/assert-plus-1.0.0.tgz",
      "integrity": "sha1-8S4PPF13sLHN2RRpQuTpbB5N1SU="
    },
    "asynckit": {
      "version": "0.4.0",
      "resolved": "https://registry.npmjs.org/asynckit/-/asynckit-0.4.0.tgz",
      "integrity": "sha1-x57Zf380y48robyXkLzDZkdLS3k="
    },
    "autoprefixer": {
      "version": "7.1.5",
      "resolved": "https://registry.npmjs.org/autoprefixer/-/autoprefixer-7.1.5.tgz",
      "integrity": "sha512-sMN453qIm8Z+tunzYWW+Y490wWkICHhCYm/VohLjjl+N7ARSFuF5au7E6tr7oEbeeXj8mNjpSw2kxjJaO6YCOw==",
      "requires": {
        "browserslist": "2.5.1",
        "caniuse-lite": "1.0.30000746",
        "normalize-range": "0.1.2",
        "num2fraction": "1.2.2",
        "postcss": "6.0.13",
        "postcss-value-parser": "3.3.0"
      }
    },
    "aws-sign2": {
      "version": "0.7.0",
      "resolved": "https://registry.npmjs.org/aws-sign2/-/aws-sign2-0.7.0.tgz",
      "integrity": "sha1-tG6JCTSpWR8tL2+G1+ap8bP+dqg="
    },
    "aws4": {
      "version": "1.6.0",
      "resolved": "https://registry.npmjs.org/aws4/-/aws4-1.6.0.tgz",
      "integrity": "sha1-g+9cqGCysy5KDe7e6MdxudtXRx4="
    },
    "balanced-match": {
      "version": "0.4.2",
      "resolved": "https://registry.npmjs.org/balanced-match/-/balanced-match-0.4.2.tgz",
      "integrity": "sha1-yz8+PHMtwPAe5wtAPzAuYddwmDg="
    },
    "bcrypt-pbkdf": {
      "version": "1.0.1",
      "resolved": "https://registry.npmjs.org/bcrypt-pbkdf/-/bcrypt-pbkdf-1.0.1.tgz",
      "integrity": "sha1-Y7xdy2EzG5K8Bf1SiVPDNGKgb40=",
      "optional": true,
      "requires": {
        "tweetnacl": "0.14.5"
      }
    },
    "bignumber.js": {
      "version": "2.4.0",
      "resolved": "https://registry.npmjs.org/bignumber.js/-/bignumber.js-2.4.0.tgz",
      "integrity": "sha1-g4qZLan51zfg9LLbC+YrsJ3Qxeg="
    },
    "bmp-js": {
      "version": "0.0.3",
      "resolved": "https://registry.npmjs.org/bmp-js/-/bmp-js-0.0.3.tgz",
      "integrity": "sha1-ZBE+nHzxICs3btYHvzBibr5XsYo="
    },
    "boom": {
      "version": "4.3.1",
      "resolved": "https://registry.npmjs.org/boom/-/boom-4.3.1.tgz",
      "integrity": "sha1-T4owBctKfjiJ90kDD9JbluAdLjE=",
      "requires": {
        "hoek": "4.2.0"
      }
    },
    "browserslist": {
      "version": "2.5.1",
      "resolved": "https://registry.npmjs.org/browserslist/-/browserslist-2.5.1.tgz",
      "integrity": "sha512-jAvM2ku7YDJ+leAq3bFH1DE0Ylw+F+EQDq4GkqZfgPEqpWYw9ofQH85uKSB9r3Tv7XDbfqVtE+sdvKJW7IlPJA==",
      "requires": {
        "caniuse-lite": "1.0.30000746",
        "electron-to-chromium": "1.3.26"
      }
    },
    "buffer-equal": {
      "version": "0.0.1",
      "resolved": "https://registry.npmjs.org/buffer-equal/-/buffer-equal-0.0.1.tgz",
      "integrity": "sha1-kbx0sR6kBbyRa8aqkI+q+ltKrEs="
    },
    "caniuse-lite": {
      "version": "1.0.30000746",
      "resolved": "https://registry.npmjs.org/caniuse-lite/-/caniuse-lite-1.0.30000746.tgz",
      "integrity": "sha1-xk+Vo5Jc/TAgejCO12wa6W6gnqA="
    },
    "caseless": {
      "version": "0.12.0",
      "resolved": "https://registry.npmjs.org/caseless/-/caseless-0.12.0.tgz",
      "integrity": "sha1-G2gcIf+EAzyCZUMJBolCDRhxUdw="
    },
    "chalk": {
      "version": "2.1.0",
      "resolved": "https://registry.npmjs.org/chalk/-/chalk-2.1.0.tgz",
      "integrity": "sha512-LUHGS/dge4ujbXMJrnihYMcL4AoOweGnw9Tp3kQuqy1Kx5c1qKjqvMJZ6nVJPMWJtKCTN72ZogH3oeSO9g9rXQ==",
      "requires": {
        "ansi-styles": "3.2.0",
        "escape-string-regexp": "1.0.5",
        "supports-color": "4.4.0"
      }
    },
    "co": {
      "version": "4.6.0",
      "resolved": "https://registry.npmjs.org/co/-/co-4.6.0.tgz",
      "integrity": "sha1-bqa989hTrlTMuOR7+gvz+QMfsYQ="
    },
    "color-convert": {
      "version": "1.9.0",
      "resolved": "https://registry.npmjs.org/color-convert/-/color-convert-1.9.0.tgz",
      "integrity": "sha1-Gsz5fdc5uYO/mU1W/sj5WFNkG3o=",
      "requires": {
        "color-name": "1.1.3"
      }
    },
    "color-name": {
      "version": "1.1.3",
      "resolved": "https://registry.npmjs.org/color-name/-/color-name-1.1.3.tgz",
      "integrity": "sha1-p9BVi9icQveV3UIyj3QIMcpTvCU="
    },
    "combined-stream": {
      "version": "1.0.5",
      "resolved": "https://registry.npmjs.org/combined-stream/-/combined-stream-1.0.5.tgz",
      "integrity": "sha1-k4NwpXtKUd6ix3wV1cX9+JUWQAk=",
      "requires": {
        "delayed-stream": "1.0.0"
      }
    },
    "core-util-is": {
      "version": "1.0.2",
      "resolved": "https://registry.npmjs.org/core-util-is/-/core-util-is-1.0.2.tgz",
      "integrity": "sha1-tf1UIgqivFq1eqtxQMlAdUUDwac="
    },
    "cryptiles": {
      "version": "3.1.2",
      "resolved": "https://registry.npmjs.org/cryptiles/-/cryptiles-3.1.2.tgz",
      "integrity": "sha1-qJ+7Ig9c4l7FboxKqKT9e1sNKf4=",
      "requires": {
        "boom": "5.2.0"
      },
      "dependencies": {
        "boom": {
          "version": "5.2.0",
          "resolved": "https://registry.npmjs.org/boom/-/boom-5.2.0.tgz",
          "integrity": "sha512-Z5BTk6ZRe4tXXQlkqftmsAUANpXmuwlsF5Oov8ThoMbQRzdGTA1ngYRW160GexgOgjsFOKJz0LYhoNi+2AMBUw==",
          "requires": {
            "hoek": "4.2.0"
          }
        }
      }
    },
    "dashdash": {
      "version": "1.14.1",
      "resolved": "https://registry.npmjs.org/dashdash/-/dashdash-1.14.1.tgz",
      "integrity": "sha1-hTz6D3y+L+1d4gMmuN1YEDX24vA=",
      "requires": {
        "assert-plus": "1.0.0"
      }
    },
    "delayed-stream": {
      "version": "1.0.0",
      "resolved": "https://registry.npmjs.org/delayed-stream/-/delayed-stream-1.0.0.tgz",
      "integrity": "sha1-3zrhmayt+31ECqrgsp4icrJOxhk="
    },
    "dom-walk": {
      "version": "0.1.1",
      "resolved": "https://registry.npmjs.org/dom-walk/-/dom-walk-0.1.1.tgz",
      "integrity": "sha1-ZyIm3HTI95mtNTB9+TaroRrNYBg="
    },
    "ecc-jsbn": {
      "version": "0.1.1",
      "resolved": "https://registry.npmjs.org/ecc-jsbn/-/ecc-jsbn-0.1.1.tgz",
      "integrity": "sha1-D8c6ntXw1Tw4GTOYUj735UN3dQU=",
      "optional": true,
      "requires": {
        "jsbn": "0.1.1"
      }
    },
    "electron-to-chromium": {
      "version": "1.3.26",
      "resolved": "https://registry.npmjs.org/electron-to-chromium/-/electron-to-chromium-1.3.26.tgz",
      "integrity": "sha1-mWQnKUhhp02cfIK5Jg6jAejALWY="
    },
    "es6-promise": {
      "version": "3.3.1",
      "resolved": "https://registry.npmjs.org/es6-promise/-/es6-promise-3.3.1.tgz",
      "integrity": "sha1-oIzd6EzNvzTQJ6FFG8kdS80ophM="
    },
    "escape-string-regexp": {
      "version": "1.0.5",
      "resolved": "https://registry.npmjs.org/escape-string-regexp/-/escape-string-regexp-1.0.5.tgz",
      "integrity": "sha1-G2HAViGQqN/2rjuyzwIAyhMLhtQ="
    },
    "exif-parser": {
      "version": "0.1.12",
      "resolved": "https://registry.npmjs.org/exif-parser/-/exif-parser-0.1.12.tgz",
      "integrity": "sha1-WKnS1ywCwfbwKg70qRZicrd2CSI="
    },
    "extend": {
      "version": "3.0.1",
      "resolved": "https://registry.npmjs.org/extend/-/extend-3.0.1.tgz",
      "integrity": "sha1-p1Xqe8Gt/MWjHOfnYtuq3F5jZEQ="
    },
    "extsprintf": {
      "version": "1.3.0",
      "resolved": "https://registry.npmjs.org/extsprintf/-/extsprintf-1.3.0.tgz",
      "integrity": "sha1-lpGEQOMEGnpBT4xS48V06zw+HgU="
    },
    "fast-deep-equal": {
      "version": "1.0.0",
      "resolved": "https://registry.npmjs.org/fast-deep-equal/-/fast-deep-equal-1.0.0.tgz",
      "integrity": "sha1-liVqO8l1WV6zbYLpkp0GDYk0Of8="
    },
    "file-type": {
      "version": "3.9.0",
      "resolved": "https://registry.npmjs.org/file-type/-/file-type-3.9.0.tgz",
      "integrity": "sha1-JXoHg4TR24CHvESdEH1SpSZyuek="
    },
    "for-each": {
      "version": "0.3.2",
      "resolved": "https://registry.npmjs.org/for-each/-/for-each-0.3.2.tgz",
      "integrity": "sha1-LEBFC5NI6X8oEyJZO6lnBLmr1NQ=",
      "requires": {
        "is-function": "1.0.1"
      }
    },
    "forever-agent": {
      "version": "0.6.1",
      "resolved": "https://registry.npmjs.org/forever-agent/-/forever-agent-0.6.1.tgz",
      "integrity": "sha1-+8cfDEGt6zf5bFd60e1C2P2sypE="
    },
    "form-data": {
      "version": "2.3.1",
      "resolved": "https://registry.npmjs.org/form-data/-/form-data-2.3.1.tgz",
      "integrity": "sha1-b7lPvXGIUwbXPRXMSX/kzE7NRL8=",
      "requires": {
        "asynckit": "0.4.0",
        "combined-stream": "1.0.5",
        "mime-types": "2.1.17"
      }
    },
    "gather-stream": {
      "version": "1.0.0",
      "resolved": "https://registry.npmjs.org/gather-stream/-/gather-stream-1.0.0.tgz",
      "integrity": "sha1-szmUr0V6gRVwDUEPMXczy+egkEs="
    },
    "getpass": {
      "version": "0.1.7",
      "resolved": "https://registry.npmjs.org/getpass/-/getpass-0.1.7.tgz",
      "integrity": "sha1-Xv+OPmhNVprkyysSgmBOi6YhSfo=",
      "requires": {
        "assert-plus": "1.0.0"
      }
    },
    "global": {
      "version": "4.3.2",
      "resolved": "https://registry.npmjs.org/global/-/global-4.3.2.tgz",
      "integrity": "sha1-52mJJopsdMOJCLEwWxD8DjlOnQ8=",
      "requires": {
        "min-document": "2.19.0",
        "process": "0.5.2"
      }
    },
    "har-schema": {
      "version": "2.0.0",
      "resolved": "https://registry.npmjs.org/har-schema/-/har-schema-2.0.0.tgz",
      "integrity": "sha1-qUwiJOvKwEeCoNkDVSHyRzW37JI="
    },
    "har-validator": {
      "version": "5.0.3",
      "resolved": "https://registry.npmjs.org/har-validator/-/har-validator-5.0.3.tgz",
      "integrity": "sha1-ukAsJmGU8VlW7xXg/PJCmT9qff0=",
      "requires": {
        "ajv": "5.2.3",
        "har-schema": "2.0.0"
      }
    },
    "has-flag": {
      "version": "2.0.0",
      "resolved": "https://registry.npmjs.org/has-flag/-/has-flag-2.0.0.tgz",
      "integrity": "sha1-6CB68cx7MNRGzHC3NLXovhj4jVE="
    },
    "hawk": {
      "version": "6.0.2",
      "resolved": "https://registry.npmjs.org/hawk/-/hawk-6.0.2.tgz",
      "integrity": "sha512-miowhl2+U7Qle4vdLqDdPt9m09K6yZhkLDTWGoUiUzrQCn+mHHSmfJgAyGaLRZbPmTqfFFjRV1QWCW0VWUJBbQ==",
      "requires": {
        "boom": "4.3.1",
        "cryptiles": "3.1.2",
        "hoek": "4.2.0",
        "sntp": "2.0.2"
      }
    },
    "hoek": {
      "version": "4.2.0",
      "resolved": "https://registry.npmjs.org/hoek/-/hoek-4.2.0.tgz",
      "integrity": "sha512-v0XCLxICi9nPfYrS9RL8HbYnXi9obYAeLbSP00BmnZwCK9+Ih9WOjoZ8YoHCoav2csqn4FOz4Orldsy2dmDwmQ=="
    },
    "http-signature": {
      "version": "1.2.0",
      "resolved": "https://registry.npmjs.org/http-signature/-/http-signature-1.2.0.tgz",
      "integrity": "sha1-muzZJRFHcvPZW2WmCruPfBj7rOE=",
      "requires": {
        "assert-plus": "1.0.0",
        "jsprim": "1.4.1",
        "sshpk": "1.13.1"
      }
    },
    "inherits": {
      "version": "2.0.1",
      "resolved": "https://registry.npmjs.org/inherits/-/inherits-2.0.1.tgz",
      "integrity": "sha1-sX0I0ya0Qj5Wjv9xn5GwscvfafE="
    },
    "ip-regex": {
      "version": "1.0.3",
      "resolved": "https://registry.npmjs.org/ip-regex/-/ip-regex-1.0.3.tgz",
      "integrity": "sha1-3FiQdvZZ9BnCIgOaMzFvHHOH7/0="
    },
    "is-function": {
      "version": "1.0.1",
      "resolved": "https://registry.npmjs.org/is-function/-/is-function-1.0.1.tgz",
      "integrity": "sha1-Es+5i2W1fdPRk6MSH19uL0N2ArU="
    },
    "is-typedarray": {
      "version": "1.0.0",
      "resolved": "https://registry.npmjs.org/is-typedarray/-/is-typedarray-1.0.0.tgz",
      "integrity": "sha1-5HnICFjfDBsR3dppQPlgEfzaSpo="
    },
    "isstream": {
      "version": "0.1.2",
      "resolved": "https://registry.npmjs.org/isstream/-/isstream-0.1.2.tgz",
      "integrity": "sha1-R+Y/evVa+m+S4VAOaQ64uFKcCZo="
    },
    "jimp": {
      "version": "0.2.28",
      "resolved": "https://registry.npmjs.org/jimp/-/jimp-0.2.28.tgz",
      "integrity": "sha1-3VKak3GQ9ClXp5N9Gsw6d2KZbqI=",
      "requires": {
        "bignumber.js": "2.4.0",
        "bmp-js": "0.0.3",
        "es6-promise": "3.3.1",
        "exif-parser": "0.1.12",
        "file-type": "3.9.0",
        "jpeg-js": "0.2.0",
        "load-bmfont": "1.3.0",
        "mime": "1.4.1",
        "mkdirp": "0.5.1",
        "pixelmatch": "4.0.2",
        "pngjs": "3.3.0",
        "read-chunk": "1.0.1",
        "request": "2.83.0",
        "stream-to-buffer": "0.1.0",
        "tinycolor2": "1.4.1",
        "url-regex": "3.2.0"
      }
    },
    "jpeg-js": {
      "version": "0.2.0",
      "resolved": "https://registry.npmjs.org/jpeg-js/-/jpeg-js-0.2.0.tgz",
      "integrity": "sha1-U+RI7J0mPmgyZkZ+lELSxaLvVII="
    },
    "jsbn": {
      "version": "0.1.1",
      "resolved": "https://registry.npmjs.org/jsbn/-/jsbn-0.1.1.tgz",
      "integrity": "sha1-peZUwuWi3rXyAdls77yoDA7y9RM=",
      "optional": true
    },
    "json-schema": {
      "version": "0.2.3",
      "resolved": "https://registry.npmjs.org/json-schema/-/json-schema-0.2.3.tgz",
      "integrity": "sha1-tIDIkuWaLwWVTOcnvT8qTogvnhM="
    },
    "json-schema-traverse": {
      "version": "0.3.1",
      "resolved": "https://registry.npmjs.org/json-schema-traverse/-/json-schema-traverse-0.3.1.tgz",
      "integrity": "sha1-NJptRMU6Ud6JtAgFxdXlm0F9M0A="
    },
    "json-stable-stringify": {
      "version": "1.0.1",
      "resolved": "https://registry.npmjs.org/json-stable-stringify/-/json-stable-stringify-1.0.1.tgz",
      "integrity": "sha1-mnWdOcXy/1A/1TAGRu1EX4jE+a8=",
      "requires": {
        "jsonify": "0.0.0"
      }
    },
    "json-stringify-safe": {
      "version": "5.0.1",
      "resolved": "https://registry.npmjs.org/json-stringify-safe/-/json-stringify-safe-5.0.1.tgz",
      "integrity": "sha1-Epai1Y/UXxmg9s4B1lcB4sc1tus="
    },
    "jsonify": {
      "version": "0.0.0",
      "resolved": "https://registry.npmjs.org/jsonify/-/jsonify-0.0.0.tgz",
      "integrity": "sha1-LHS27kHZPKUbe1qu6PUDYx0lKnM="
    },
    "jsprim": {
      "version": "1.4.1",
      "resolved": "https://registry.npmjs.org/jsprim/-/jsprim-1.4.1.tgz",
      "integrity": "sha1-MT5mvB5cwG5Di8G3SZwuXFastqI=",
      "requires": {
        "assert-plus": "1.0.0",
        "extsprintf": "1.3.0",
        "json-schema": "0.2.3",
        "verror": "1.10.0"
      }
    },
    "laggard": {
      "version": "2.0.1",
      "resolved": "https://registry.npmjs.org/laggard/-/laggard-2.0.1.tgz",
      "integrity": "sha512-XCUGeE3r3VWxM8CV9aw+GjG3v3vTInyCf3p9YUo1SCTkM4N93/JaRH/4Lpz0hDZnaEQsArtAbp+rYic3PdTpbg==",
      "requires": {
        "minimist": "1.2.0",
        "pixrem": "4.0.1",
        "postcss": "6.0.13",
        "postcss-color-rgba-fallback": "3.0.0",
        "postcss-opacity": "5.0.0",
        "postcss-pseudoelements": "5.0.0",
        "postcss-reporter": "5.0.0",
        "postcss-vmin": "3.0.0",
        "postcss-will-change": "2.0.0",
        "read-file-stdin": "0.2.1",
        "write-file-stdout": "0.0.2"
      },
      "dependencies": {
        "minimist": {
          "version": "1.2.0",
          "resolved": "https://registry.npmjs.org/minimist/-/minimist-1.2.0.tgz",
          "integrity": "sha1-o1AIsg9BOD7sH7kU9M1d95omQoQ="
        }
      }
    },
    "load-bmfont": {
      "version": "1.3.0",
      "resolved": "https://registry.npmjs.org/load-bmfont/-/load-bmfont-1.3.0.tgz",
      "integrity": "sha1-u358cQ3mvK/LE8s7jIHgwBMey8k=",
      "requires": {
        "buffer-equal": "0.0.1",
        "mime": "1.4.1",
        "parse-bmfont-ascii": "1.0.6",
        "parse-bmfont-binary": "1.0.6",
        "parse-bmfont-xml": "1.1.3",
        "xhr": "2.4.0",
        "xtend": "4.0.1"
      }
    },
    "lodash": {
      "version": "4.17.4",
      "resolved": "https://registry.npmjs.org/lodash/-/lodash-4.17.4.tgz",
      "integrity": "sha1-eCA6TRwyiuHYbcpkYONptX9AVa4="
    },
    "log-symbols": {
      "version": "2.1.0",
      "resolved": "https://registry.npmjs.org/log-symbols/-/log-symbols-2.1.0.tgz",
      "integrity": "sha512-zLeLrzMA1A2vRF1e/0Mo+LNINzi6jzBylHj5WqvQ/WK/5WCZt8si9SyN4p9llr/HRYvVR1AoXHRHl4WTHyQAzQ==",
      "requires": {
        "chalk": "2.1.0"
      }
    },
    "math-expression-evaluator": {
      "version": "1.2.17",
      "resolved": "https://registry.npmjs.org/math-expression-evaluator/-/math-expression-evaluator-1.2.17.tgz",
      "integrity": "sha1-3oGf282E3M2PrlnGrreWFbnSZqw="
    },
    "mime": {
      "version": "1.4.1",
      "resolved": "https://registry.npmjs.org/mime/-/mime-1.4.1.tgz",
      "integrity": "sha512-KI1+qOZu5DcW6wayYHSzR/tXKCDC5Om4s1z2QJjDULzLcmf3DvzS7oluY4HCTrc+9FiKmWUgeNLg7W3uIQvxtQ=="
    },
    "mime-db": {
      "version": "1.30.0",
      "resolved": "https://registry.npmjs.org/mime-db/-/mime-db-1.30.0.tgz",
      "integrity": "sha1-dMZD2i3Z1qRTmZY0ZbJtXKfXHwE="
    },
    "mime-types": {
      "version": "2.1.17",
      "resolved": "https://registry.npmjs.org/mime-types/-/mime-types-2.1.17.tgz",
      "integrity": "sha1-Cdejk/A+mVp5+K+Fe3Cp4KsWVXo=",
      "requires": {
        "mime-db": "1.30.0"
      }
    },
    "min-document": {
      "version": "2.19.0",
      "resolved": "https://registry.npmjs.org/min-document/-/min-document-2.19.0.tgz",
      "integrity": "sha1-e9KC4/WELtKVu3SM3Z8f+iyCRoU=",
      "requires": {
        "dom-walk": "0.1.1"
      }
    },
    "minimist": {
      "version": "0.0.8",
      "resolved": "https://registry.npmjs.org/minimist/-/minimist-0.0.8.tgz",
      "integrity": "sha1-hX/Kv8M5fSYluCKCYuhqp6ARsF0="
    },
    "mkdirp": {
      "version": "0.5.1",
      "resolved": "https://registry.npmjs.org/mkdirp/-/mkdirp-0.5.1.tgz",
      "integrity": "sha1-MAV0OOrGz3+MR2fzhkjWaX11yQM=",
      "requires": {
        "minimist": "0.0.8"
      }
    },
    "node-vibrant": {
      "version": "2.1.2",
      "resolved": "https://registry.npmjs.org/node-vibrant/-/node-vibrant-2.1.2.tgz",
      "integrity": "sha1-dB/CWExBFlBQbk+Ywy4EZjiiwI4=",
      "requires": {
        "jimp": "0.2.28",
        "quantize": "1.0.2",
        "url": "0.11.0"
      }
    },
    "normalize-range": {
      "version": "0.1.2",
      "resolved": "https://registry.npmjs.org/normalize-range/-/normalize-range-0.1.2.tgz",
      "integrity": "sha1-LRDAa9/TEuqXd2laTShDlFa3WUI="
    },
    "num2fraction": {
      "version": "1.2.2",
      "resolved": "https://registry.npmjs.org/num2fraction/-/num2fraction-1.2.2.tgz",
      "integrity": "sha1-b2gragJ6Tp3fpFZM0lidHU5mnt4="
    },
    "oauth-sign": {
      "version": "0.8.2",
      "resolved": "https://registry.npmjs.org/oauth-sign/-/oauth-sign-0.8.2.tgz",
      "integrity": "sha1-Rqarfwrq2N6unsBWV4C31O/rnUM="
    },
    "object-assign": {
      "version": "4.1.1",
      "resolved": "https://registry.npmjs.org/object-assign/-/object-assign-4.1.1.tgz",
      "integrity": "sha1-IQmtx5ZYh8/AXLvUQsrIv7s2CGM="
    },
    "parse-bmfont-ascii": {
      "version": "1.0.6",
      "resolved": "https://registry.npmjs.org/parse-bmfont-ascii/-/parse-bmfont-ascii-1.0.6.tgz",
      "integrity": "sha1-Eaw8P/WPfCAgqyJ2kHkQjU36AoU="
    },
    "parse-bmfont-binary": {
      "version": "1.0.6",
      "resolved": "https://registry.npmjs.org/parse-bmfont-binary/-/parse-bmfont-binary-1.0.6.tgz",
      "integrity": "sha1-0Di0dtPp3Z2x4RoLDlOiJ5K2kAY="
    },
    "parse-bmfont-xml": {
      "version": "1.1.3",
      "resolved": "https://registry.npmjs.org/parse-bmfont-xml/-/parse-bmfont-xml-1.1.3.tgz",
      "integrity": "sha1-1rZqNxr9OcUAfZ8O6yYqTyzOe3w=",
      "requires": {
        "xml-parse-from-string": "1.0.1",
        "xml2js": "0.4.19"
      }
    },
    "parse-headers": {
      "version": "2.0.1",
      "resolved": "https://registry.npmjs.org/parse-headers/-/parse-headers-2.0.1.tgz",
      "integrity": "sha1-aug6eqJanZtwCswoaYzR8e1+lTY=",
      "requires": {
        "for-each": "0.3.2",
        "trim": "0.0.1"
      }
    },
    "path": {
      "version": "0.12.7",
      "resolved": "https://registry.npmjs.org/path/-/path-0.12.7.tgz",
      "integrity": "sha1-1NwqUGxM4hl+tIHr/NWzbAFAsQ8=",
      "requires": {
        "process": "0.11.10",
        "util": "0.10.3"
      },
      "dependencies": {
        "process": {
          "version": "0.11.10",
          "resolved": "https://registry.npmjs.org/process/-/process-0.11.10.tgz",
          "integrity": "sha1-czIwDoQBYb2j5podHZGn1LwW8YI="
        }
      }
    },
    "path-parse": {
      "version": "1.0.5",
      "resolved": "https://registry.npmjs.org/path-parse/-/path-parse-1.0.5.tgz",
      "integrity": "sha1-PBrfhx6pzWyUMbbqK9dKD/BVxME="
    },
    "performance-now": {
      "version": "2.1.0",
      "resolved": "https://registry.npmjs.org/performance-now/-/performance-now-2.1.0.tgz",
      "integrity": "sha1-Ywn04OX6kT7BxpMHrjZLSzd8nns="
    },
    "pify": {
      "version": "2.3.0",
      "resolved": "https://registry.npmjs.org/pify/-/pify-2.3.0.tgz",
      "integrity": "sha1-7RQaasBDqEnqWISY59yosVMw6Qw="
    },
    "pixelmatch": {
      "version": "4.0.2",
      "resolved": "https://registry.npmjs.org/pixelmatch/-/pixelmatch-4.0.2.tgz",
      "integrity": "sha1-j0fc7FARtHe2fbA8JDvB8wheiFQ=",
      "requires": {
        "pngjs": "3.3.0"
      }
    },
    "pixrem": {
      "version": "4.0.1",
      "resolved": "https://registry.npmjs.org/pixrem/-/pixrem-4.0.1.tgz",
      "integrity": "sha1-LaSh3m7EQjxfw3lOkwuB1EkOxoY=",
      "requires": {
        "browserslist": "2.5.1",
        "postcss": "6.0.13",
        "reduce-css-calc": "1.3.0"
      }
    },
    "pngjs": {
      "version": "3.3.0",
      "resolved": "https://registry.npmjs.org/pngjs/-/pngjs-3.3.0.tgz",
      "integrity": "sha1-H1cwwYnJSTO4G+2iqy+OKFUmOo8="
    },
    "postcss": {
      "version": "6.0.13",
      "resolved": "https://registry.npmjs.org/postcss/-/postcss-6.0.13.tgz",
      "integrity": "sha512-nHsrD1PPTMSJDfU+osVsLtPkSP9YGeoOz4FDLN4r1DW4N5vqL1J+gACzTQHsfwIiWG/0/nV4yCzjTMo1zD8U1g==",
      "requires": {
        "chalk": "2.1.0",
        "source-map": "0.6.1",
        "supports-color": "4.4.0"
      }
    },
    "postcss-alias": {
      "version": "2.0.0",
      "resolved": "https://registry.npmjs.org/postcss-alias/-/postcss-alias-2.0.0.tgz",
      "integrity": "sha1-AY9Gwvv/gY4p+mr2evpL4r7NN20=",
      "requires": {
        "postcss": "6.0.13"
      }
    },
    "postcss-aspect-ratio": {
      "version": "1.0.2",
      "resolved": "https://registry.npmjs.org/postcss-aspect-ratio/-/postcss-aspect-ratio-1.0.2.tgz",
      "integrity": "sha1-Hl1Guo5RfhGws0gs54xIZiL0lq0=",
      "requires": {
        "postcss": "6.0.13"
      }
    },
    "postcss-clearfix": {
      "version": "2.0.1",
      "resolved": "https://registry.npmjs.org/postcss-clearfix/-/postcss-clearfix-2.0.1.tgz",
      "integrity": "sha1-UXChmY8WfTGQoBc0RbY4DIxcB/I=",
      "requires": {
        "postcss": "6.0.13"
      }
    },
    "postcss-color-rgba-fallback": {
      "version": "3.0.0",
      "resolved": "https://registry.npmjs.org/postcss-color-rgba-fallback/-/postcss-color-rgba-fallback-3.0.0.tgz",
      "integrity": "sha1-N9XJNToHoJJwkSqCYGu0Kg1wLAQ=",
      "requires": {
        "postcss": "6.0.13",
        "postcss-value-parser": "3.3.0",
        "rgb-hex": "2.1.0"
      }
    },
    "postcss-easings": {
      "version": "1.0.0",
      "resolved": "https://registry.npmjs.org/postcss-easings/-/postcss-easings-1.0.0.tgz",
      "integrity": "sha1-YYsffuKJgI7DDPAUEVpXrhmPfsY=",
      "requires": {
        "postcss": "6.0.13"
      }
    },
    "postcss-extend-rule": {
      "version": "1.1.0",
      "resolved": "https://registry.npmjs.org/postcss-extend-rule/-/postcss-extend-rule-1.1.0.tgz",
      "integrity": "sha512-+NXtLOY49Xcx9173SJAYj41esTRTpihSLoKpj5yzoBki9PZK4HF37AH9AVyCeLFJL9fzhh0YFuk/3eyeZ9d/jw==",
      "requires": {
        "postcss": "6.0.13",
        "postcss-nesting": "4.2.1"
      }
    },
    "postcss-fontpath": {
      "version": "1.0.0",
      "resolved": "https://registry.npmjs.org/postcss-fontpath/-/postcss-fontpath-1.0.0.tgz",
      "integrity": "sha1-rQ7vwhk+Kc96NLjHUf9/6OdGmeU=",
      "requires": {
        "postcss": "6.0.13"
      }
    },
    "postcss-get-color": {
      "version": "0.2.0",
      "resolved": "https://registry.npmjs.org/postcss-get-color/-/postcss-get-color-0.2.0.tgz",
      "integrity": "sha512-ifkvyIcZ8nhoGvoRnaBP+hcrfKk6HdemzNEzlCPPAW5dy4Gh39H6fDajCDWMVZa35qTlF6xHopBN3tzm/tFgZQ==",
      "requires": {
        "node-vibrant": "2.1.2",
        "path": "0.12.7",
        "postcss": "6.0.13",
        "postcss-value-parser": "3.3.0"
      }
    },
    "postcss-hexrgba": {
      "version": "1.0.0",
      "resolved": "https://registry.npmjs.org/postcss-hexrgba/-/postcss-hexrgba-1.0.0.tgz",
      "integrity": "sha1-sqtiiSId3Hr0AKrhHYxM6K3/3YU=",
      "requires": {
        "postcss": "6.0.13"
      }
    },
    "postcss-import": {
      "version": "11.0.0",
      "resolved": "https://registry.npmjs.org/postcss-import/-/postcss-import-11.0.0.tgz",
      "integrity": "sha1-qWLi34LTvFptpqOGhBdHIE9B71s=",
      "requires": {
        "postcss": "6.0.13",
        "postcss-value-parser": "3.3.0",
        "read-cache": "1.0.0",
        "resolve": "1.4.0"
      }
    },
    "postcss-input-style": {
      "version": "1.0.0",
      "resolved": "https://registry.npmjs.org/postcss-input-style/-/postcss-input-style-1.0.0.tgz",
      "integrity": "sha1-u/3IK595mz54yGOgJHZ1fib73GE=",
      "requires": {
        "postcss": "6.0.13"
      }
    },
    "postcss-nesting": {
      "version": "4.2.1",
      "resolved": "https://registry.npmjs.org/postcss-nesting/-/postcss-nesting-4.2.1.tgz",
      "integrity": "sha512-IkyWXICwagCnlaviRexi7qOdwPw3+xVVjgFfGsxmztvRVaNxAlrypOIKqDE5mxY+BVxnId1rnUKBRQoNE2VDaA==",
      "requires": {
        "postcss": "6.0.13"
      }
    },
    "postcss-opacity": {
      "version": "5.0.0",
      "resolved": "https://registry.npmjs.org/postcss-opacity/-/postcss-opacity-5.0.0.tgz",
      "integrity": "sha512-n6LgHk5HWIsyEHgPqM2jwXrkh4SuH+cZOIWh4tUp4ug3P7FkzxiJuqrpEaBvNwH/dKs5PHjHL2vPeR+nLbs+Mw==",
      "requires": {
        "postcss": "6.0.13"
      }
    },
    "postcss-position": {
      "version": "1.0.0",
      "resolved": "https://registry.npmjs.org/postcss-position/-/postcss-position-1.0.0.tgz",
      "integrity": "sha1-MMvu5Ajyam2+u/YSYcohDlSMd/8=",
      "requires": {
        "postcss": "6.0.13"
      }
    },
    "postcss-property-lookup": {
      "version": "2.0.0",
      "resolved": "https://registry.npmjs.org/postcss-property-lookup/-/postcss-property-lookup-2.0.0.tgz",
      "integrity": "sha512-KUb53a7UZWDMVb0SRODOonc4H1wlbgQ0VfYwmJaR1xWPorhariEz0U7x0ri3W/imFs6HqLYWP7hl2yMvi5Ty+w==",
      "requires": {
        "object-assign": "4.1.1",
        "postcss": "6.0.13",
        "tcomb": "3.2.24"
      }
    },
    "postcss-pseudoelements": {
      "version": "5.0.0",
      "resolved": "https://registry.npmjs.org/postcss-pseudoelements/-/postcss-pseudoelements-5.0.0.tgz",
      "integrity": "sha1-7vGU6NUkZFylIKlJ6V5RjoEkAss=",
      "requires": {
        "postcss": "6.0.13"
      }
    },
    "postcss-quantity-queries": {
      "version": "0.5.0",
      "resolved": "https://registry.npmjs.org/postcss-quantity-queries/-/postcss-quantity-queries-0.5.0.tgz",
      "integrity": "sha1-UrZxf8yNmSWuZM/0M0CHD+FVFqs=",
      "requires": {
        "balanced-match": "0.4.2",
        "postcss": "6.0.13"
      }
    },
    "postcss-reporter": {
      "version": "5.0.0",
      "resolved": "https://registry.npmjs.org/postcss-reporter/-/postcss-reporter-5.0.0.tgz",
      "integrity": "sha512-rBkDbaHAu5uywbCR2XE8a25tats3xSOsGNx6mppK6Q9kSFGKc/FyAzfci+fWM2l+K402p1D0pNcfDGxeje5IKg==",
      "requires": {
        "chalk": "2.1.0",
        "lodash": "4.17.4",
        "log-symbols": "2.1.0",
        "postcss": "6.0.13"
      }
    },
    "postcss-responsive-type": {
      "version": "1.0.0",
      "resolved": "https://registry.npmjs.org/postcss-responsive-type/-/postcss-responsive-type-1.0.0.tgz",
      "integrity": "sha1-uy1X2DC+uVhuxP2nmU8H43lTqtg=",
      "requires": {
        "postcss": "6.0.13"
      }
    },
    "postcss-value-parser": {
      "version": "3.3.0",
      "resolved": "https://registry.npmjs.org/postcss-value-parser/-/postcss-value-parser-3.3.0.tgz",
      "integrity": "sha1-h/OPnxj3dKSrTIojL1xc6IcqnRU="
    },
    "postcss-vmin": {
      "version": "3.0.0",
      "resolved": "https://registry.npmjs.org/postcss-vmin/-/postcss-vmin-3.0.0.tgz",
      "integrity": "sha1-bWrms+hP4/96TfHrhvOmmgfooUQ=",
      "requires": {
        "postcss": "6.0.13"
      }
    },
    "postcss-will-change": {
      "version": "2.0.0",
      "resolved": "https://registry.npmjs.org/postcss-will-change/-/postcss-will-change-2.0.0.tgz",
      "integrity": "sha1-z/CRqHoDhrqx8yp8+n951rdz4QA=",
      "requires": {
        "postcss": "6.0.13"
      }
    },
    "process": {
      "version": "0.5.2",
      "resolved": "https://registry.npmjs.org/process/-/process-0.5.2.tgz",
      "integrity": "sha1-FjjYqONML0QKkduVq5rrZ3/Bhc8="
    },
    "punycode": {
      "version": "1.4.1",
      "resolved": "https://registry.npmjs.org/punycode/-/punycode-1.4.1.tgz",
      "integrity": "sha1-wNWmOycYgArY4esPpSachN1BhF4="
    },
    "qs": {
      "version": "6.5.1",
      "resolved": "https://registry.npmjs.org/qs/-/qs-6.5.1.tgz",
      "integrity": "sha512-eRzhrN1WSINYCDCbrz796z37LOe3m5tmW7RQf6oBntukAG1nmovJvhnwHHRMAfeoItc1m2Hk02WER2aQ/iqs+A=="
    },
    "quantize": {
      "version": "1.0.2",
      "resolved": "https://registry.npmjs.org/quantize/-/quantize-1.0.2.tgz",
      "integrity": "sha1-0lrCAKd7bXD0ASfKFxoQ4zyFRt4="
    },
    "querystring": {
      "version": "0.2.0",
      "resolved": "https://registry.npmjs.org/querystring/-/querystring-0.2.0.tgz",
      "integrity": "sha1-sgmEkgO7Jd+CDadW50cAWHhSFiA="
    },
    "read-cache": {
      "version": "1.0.0",
      "resolved": "https://registry.npmjs.org/read-cache/-/read-cache-1.0.0.tgz",
      "integrity": "sha1-5mTvMRYRZsl1HNvo28+GtftY93Q=",
      "requires": {
        "pify": "2.3.0"
      }
    },
    "read-chunk": {
      "version": "1.0.1",
      "resolved": "https://registry.npmjs.org/read-chunk/-/read-chunk-1.0.1.tgz",
      "integrity": "sha1-X2jKswfmY/GZk1J9m1icrORmEZQ="
    },
    "read-file-stdin": {
      "version": "0.2.1",
      "resolved": "https://registry.npmjs.org/read-file-stdin/-/read-file-stdin-0.2.1.tgz",
      "integrity": "sha1-JezP86FTtoCa+ssj7hU4fbng7mE=",
      "requires": {
        "gather-stream": "1.0.0"
      }
    },
    "reduce-css-calc": {
      "version": "1.3.0",
      "resolved": "https://registry.npmjs.org/reduce-css-calc/-/reduce-css-calc-1.3.0.tgz",
      "integrity": "sha1-dHyRTgSWFKTJz7umKYca0dKSdxY=",
      "requires": {
        "balanced-match": "0.4.2",
        "math-expression-evaluator": "1.2.17",
        "reduce-function-call": "1.0.2"
      }
    },
    "reduce-function-call": {
      "version": "1.0.2",
      "resolved": "https://registry.npmjs.org/reduce-function-call/-/reduce-function-call-1.0.2.tgz",
      "integrity": "sha1-WiAL+S4ON3UXUv5FsKszD9S2vpk=",
      "requires": {
        "balanced-match": "0.4.2"
      }
    },
    "request": {
      "version": "2.83.0",
      "resolved": "https://registry.npmjs.org/request/-/request-2.83.0.tgz",
      "integrity": "sha512-lR3gD69osqm6EYLk9wB/G1W/laGWjzH90t1vEa2xuxHD5KUrSzp9pUSfTm+YC5Nxt2T8nMPEvKlhbQayU7bgFw==",
      "requires": {
        "aws-sign2": "0.7.0",
        "aws4": "1.6.0",
        "caseless": "0.12.0",
        "combined-stream": "1.0.5",
        "extend": "3.0.1",
        "forever-agent": "0.6.1",
        "form-data": "2.3.1",
        "har-validator": "5.0.3",
        "hawk": "6.0.2",
        "http-signature": "1.2.0",
        "is-typedarray": "1.0.0",
        "isstream": "0.1.2",
        "json-stringify-safe": "5.0.1",
        "mime-types": "2.1.17",
        "oauth-sign": "0.8.2",
        "performance-now": "2.1.0",
        "qs": "6.5.1",
        "safe-buffer": "5.1.1",
        "stringstream": "0.0.5",
        "tough-cookie": "2.3.3",
        "tunnel-agent": "0.6.0",
        "uuid": "3.1.0"
      }
    },
    "resolve": {
      "version": "1.4.0",
      "resolved": "https://registry.npmjs.org/resolve/-/resolve-1.4.0.tgz",
      "integrity": "sha512-aW7sVKPufyHqOmyyLzg/J+8606v5nevBgaliIlV7nUpVMsDnoBGV/cbSLNjZAg9q0Cfd/+easKVKQ8vOu8fn1Q==",
      "requires": {
        "path-parse": "1.0.5"
      }
    },
    "rgb-hex": {
      "version": "2.1.0",
      "resolved": "https://registry.npmjs.org/rgb-hex/-/rgb-hex-2.1.0.tgz",
      "integrity": "sha1-x3PF/iJoolV42SU5qCp6XOU77aY="
    },
    "rucksack-css": {
      "version": "1.0.2",
      "resolved": "https://registry.npmjs.org/rucksack-css/-/rucksack-css-1.0.2.tgz",
      "integrity": "sha512-+ir3KHUb+IfCjqTsUruYZDKf95GZKhqucVridhNSuU9AsC7efqBhKtzJeMNZqc+EOND0LWBenG5ZCodKUPbL6g==",
      "requires": {
        "autoprefixer": "7.1.5",
        "laggard": "2.0.1",
        "minimist": "1.2.0",
        "postcss": "6.0.13",
        "postcss-alias": "2.0.0",
        "postcss-clearfix": "2.0.1",
        "postcss-color-rgba-fallback": "3.0.0",
        "postcss-easings": "1.0.0",
        "postcss-fontpath": "1.0.0",
        "postcss-hexrgba": "1.0.0",
        "postcss-input-style": "1.0.0",
        "postcss-opacity": "5.0.0",
        "postcss-position": "1.0.0",
        "postcss-pseudoelements": "5.0.0",
        "postcss-quantity-queries": "0.5.0",
        "postcss-reporter": "5.0.0",
        "postcss-responsive-type": "1.0.0",
        "postcss-vmin": "3.0.0",
        "read-file-stdin": "0.2.1",
        "write-file-stdout": "0.0.2"
      },
      "dependencies": {
        "minimist": {
          "version": "1.2.0",
          "resolved": "https://registry.npmjs.org/minimist/-/minimist-1.2.0.tgz",
          "integrity": "sha1-o1AIsg9BOD7sH7kU9M1d95omQoQ="
        }
      }
    },
    "safe-buffer": {
      "version": "5.1.1",
      "resolved": "https://registry.npmjs.org/safe-buffer/-/safe-buffer-5.1.1.tgz",
      "integrity": "sha512-kKvNJn6Mm93gAczWVJg7wH+wGYWNrDHdWvpUmHyEsgCtIwwo3bqPtV4tR5tuPaUhTOo/kvhVwd8XwwOllGYkbg=="
    },
    "sax": {
      "version": "1.2.4",
      "resolved": "https://registry.npmjs.org/sax/-/sax-1.2.4.tgz",
      "integrity": "sha512-NqVDv9TpANUjFm0N8uM5GxL36UgKi9/atZw+x7YFnQ8ckwFGKrl4xX4yWtrey3UJm5nP1kUbnYgLopqWNSRhWw=="
    },
    "sntp": {
      "version": "2.0.2",
      "resolved": "https://registry.npmjs.org/sntp/-/sntp-2.0.2.tgz",
      "integrity": "sha1-UGQRDwr4X3z9t9a2ekACjOUrSys=",
      "requires": {
        "hoek": "4.2.0"
      }
    },
    "source-map": {
      "version": "0.6.1",
      "resolved": "https://registry.npmjs.org/source-map/-/source-map-0.6.1.tgz",
      "integrity": "sha512-UjgapumWlbMhkBgzT7Ykc5YXUT46F0iKu8SGXq0bcwP5dz/h0Plj6enJqjz1Zbq2l5WaqYnrVbwWOWMyF3F47g=="
    },
    "sshpk": {
      "version": "1.13.1",
      "resolved": "https://registry.npmjs.org/sshpk/-/sshpk-1.13.1.tgz",
      "integrity": "sha1-US322mKHFEMW3EwY/hzx2UBzm+M=",
      "requires": {
        "asn1": "0.2.3",
        "assert-plus": "1.0.0",
        "bcrypt-pbkdf": "1.0.1",
        "dashdash": "1.14.1",
        "ecc-jsbn": "0.1.1",
        "getpass": "0.1.7",
        "jsbn": "0.1.1",
        "tweetnacl": "0.14.5"
      }
    },
    "stream-to": {
      "version": "0.2.2",
      "resolved": "https://registry.npmjs.org/stream-to/-/stream-to-0.2.2.tgz",
      "integrity": "sha1-hDBgmNhf25kLn6MAsbPM9V6O8B0="
    },
    "stream-to-buffer": {
      "version": "0.1.0",
      "resolved": "https://registry.npmjs.org/stream-to-buffer/-/stream-to-buffer-0.1.0.tgz",
      "integrity": "sha1-JnmdkDqyAlyb1VCsRxcbAPjdgKk=",
      "requires": {
        "stream-to": "0.2.2"
      }
    },
    "stringstream": {
      "version": "0.0.5",
      "resolved": "https://registry.npmjs.org/stringstream/-/stringstream-0.0.5.tgz",
      "integrity": "sha1-TkhM1N5aC7vuGORjB3EKioFiGHg="
    },
    "supports-color": {
      "version": "4.4.0",
      "resolved": "https://registry.npmjs.org/supports-color/-/supports-color-4.4.0.tgz",
      "integrity": "sha512-rKC3+DyXWgK0ZLKwmRsrkyHVZAjNkfzeehuFWdGGcqGDTZFH73+RH6S/RDAAxl9GusSjZSUWYLmT9N5pzXFOXQ==",
      "requires": {
        "has-flag": "2.0.0"
      }
    },
    "tcomb": {
      "version": "3.2.24",
      "resolved": "https://registry.npmjs.org/tcomb/-/tcomb-3.2.24.tgz",
      "integrity": "sha512-N9IrL2iIyS/f4+WHYZaMh04ZqDL8yEit9cVdnn+fOuL6jbKo1fusNswHOjSo/kbYwLUKRS1OlQmAkyeNxyEUhA=="
    },
    "tinycolor2": {
      "version": "1.4.1",
      "resolved": "https://registry.npmjs.org/tinycolor2/-/tinycolor2-1.4.1.tgz",
      "integrity": "sha1-9PrTM0R7wLB9TcjpIJ2POaisd+g="
    },
    "tough-cookie": {
      "version": "2.3.3",
      "resolved": "https://registry.npmjs.org/tough-cookie/-/tough-cookie-2.3.3.tgz",
      "integrity": "sha1-C2GKVWW23qkL80JdBNVe3EdadWE=",
      "requires": {
        "punycode": "1.4.1"
      }
    },
    "trim": {
      "version": "0.0.1",
      "resolved": "https://registry.npmjs.org/trim/-/trim-0.0.1.tgz",
      "integrity": "sha1-WFhUf2spB1fulczMZm+1AITEYN0="
    },
    "tunnel-agent": {
      "version": "0.6.0",
      "resolved": "https://registry.npmjs.org/tunnel-agent/-/tunnel-agent-0.6.0.tgz",
      "integrity": "sha1-J6XeoGs2sEoKmWZ3SykIaPD8QP0=",
      "requires": {
        "safe-buffer": "5.1.1"
      }
    },
    "tweetnacl": {
      "version": "0.14.5",
      "resolved": "https://registry.npmjs.org/tweetnacl/-/tweetnacl-0.14.5.tgz",
      "integrity": "sha1-WuaBd/GS1EViadEIr6k/+HQ/T2Q=",
      "optional": true
    },
    "url": {
      "version": "0.11.0",
      "resolved": "https://registry.npmjs.org/url/-/url-0.11.0.tgz",
      "integrity": "sha1-ODjpfPxgUh63PFJajlW/3Z4uKPE=",
      "requires": {
        "punycode": "1.3.2",
        "querystring": "0.2.0"
      },
      "dependencies": {
        "punycode": {
          "version": "1.3.2",
          "resolved": "https://registry.npmjs.org/punycode/-/punycode-1.3.2.tgz",
          "integrity": "sha1-llOgNvt8HuQjQvIyXM7v6jkmxI0="
        }
      }
    },
    "url-regex": {
      "version": "3.2.0",
      "resolved": "https://registry.npmjs.org/url-regex/-/url-regex-3.2.0.tgz",
      "integrity": "sha1-260eDJ4p4QXdCx8J9oYvf9tIJyQ=",
      "requires": {
        "ip-regex": "1.0.3"
      }
    },
    "util": {
      "version": "0.10.3",
      "resolved": "https://registry.npmjs.org/util/-/util-0.10.3.tgz",
      "integrity": "sha1-evsa/lCAUkZInj23/g7TeTNqwPk=",
      "requires": {
        "inherits": "2.0.1"
      }
    },
    "uuid": {
      "version": "3.1.0",
      "resolved": "https://registry.npmjs.org/uuid/-/uuid-3.1.0.tgz",
      "integrity": "sha512-DIWtzUkw04M4k3bf1IcpS2tngXEL26YUD2M0tMDUpnUrz2hgzUBlD55a4FjdLGPvfHxS6uluGWvaVEqgBcVa+g=="
    },
    "verror": {
      "version": "1.10.0",
      "resolved": "https://registry.npmjs.org/verror/-/verror-1.10.0.tgz",
      "integrity": "sha1-OhBcoXBTr1XW4nDB+CiGguGNpAA=",
      "requires": {
        "assert-plus": "1.0.0",
        "core-util-is": "1.0.2",
        "extsprintf": "1.3.0"
      }
    },
    "write-file-stdout": {
      "version": "0.0.2",
      "resolved": "https://registry.npmjs.org/write-file-stdout/-/write-file-stdout-0.0.2.tgz",
      "integrity": "sha1-wlLXx8WxtAKJdjDjRTx7/mkNnKE="
    },
    "xhr": {
      "version": "2.4.0",
      "resolved": "https://registry.npmjs.org/xhr/-/xhr-2.4.0.tgz",
      "integrity": "sha1-4W5mpF+GmGHu76tBbV7/ci3ECZM=",
      "requires": {
        "global": "4.3.2",
        "is-function": "1.0.1",
        "parse-headers": "2.0.1",
        "xtend": "4.0.1"
      }
    },
    "xml-parse-from-string": {
      "version": "1.0.1",
      "resolved": "https://registry.npmjs.org/xml-parse-from-string/-/xml-parse-from-string-1.0.1.tgz",
      "integrity": "sha1-qQKekp09vN7RafPG4oI42VpdWig="
    },
    "xml2js": {
      "version": "0.4.19",
      "resolved": "https://registry.npmjs.org/xml2js/-/xml2js-0.4.19.tgz",
      "integrity": "sha512-esZnJZJOiJR9wWKMyuvSE1y6Dq5LCuJanqhxslH2bxM6duahNZ+HMpCLhBQGZkbX6xRf8x1Y2eJlgt2q3qo49Q==",
      "requires": {
        "sax": "1.2.4",
        "xmlbuilder": "9.0.4"
      }
    },
    "xmlbuilder": {
      "version": "9.0.4",
      "resolved": "https://registry.npmjs.org/xmlbuilder/-/xmlbuilder-9.0.4.tgz",
      "integrity": "sha1-UZy0ymhtAFqEINNJbz8MruzKWA8="
    },
    "xtend": {
      "version": "4.0.1",
      "resolved": "https://registry.npmjs.org/xtend/-/xtend-4.0.1.tgz",
      "integrity": "sha1-pcbVMr5lbiPbgg77lDofBJmNY68="
    }
  }
}
