# THIS IS AN AUTOGENERATED FILE. DO NOT EDIT THIS FILE DIRECTLY.
# yarn lockfile v1


ansi-styles@^3.1.0, ansi-styles@^3.2.0:
  version "3.2.0"
  resolved "https://registry.yarnpkg.com/ansi-styles/-/ansi-styles-3.2.0.tgz#c159b8d5be0f9e5a6f346dab94f16ce022161b88"
  dependencies:
    color-convert "^1.9.0"

chalk@^2.1.0:
  version "2.1.0"
  resolved "https://registry.yarnpkg.com/chalk/-/chalk-2.1.0.tgz#ac5becf14fa21b99c6c92ca7a7d7cfd5b17e743e"
  dependencies:
    ansi-styles "^3.1.0"
    escape-string-regexp "^1.0.5"
    supports-color "^4.0.0"

chalk@^2.3.1:
  version "2.3.1"
  resolved "https://registry.yarnpkg.com/chalk/-/chalk-2.3.1.tgz#523fe2678aec7b04e8041909292fe8b17059b796"
  dependencies:
    ansi-styles "^3.2.0"
    escape-string-regexp "^1.0.5"
    supports-color "^5.2.0"

color-convert@^1.9.0:
  version "1.9.0"
  resolved "https://registry.yarnpkg.com/color-convert/-/color-convert-1.9.0.tgz#1accf97dd739b983bf994d56fec8f95853641b7a"
  dependencies:
    color-name "^1.1.1"

color-name@^1.1.1:
  version "1.1.3"
  resolved "https://registry.yarnpkg.com/color-name/-/color-name-1.1.3.tgz#a7d0558bd89c42f795dd42328f740831ca53bc25"

css-font-weight-names@^0.2.1:
  version "0.2.1"
  resolved "https://registry.yarnpkg.com/css-font-weight-names/-/css-font-weight-names-0.2.1.tgz#5710d485ad295f6b3f1ceec41f882e324a46b516"

escape-string-regexp@^1.0.5:
  version "1.0.5"
  resolved "https://registry.yarnpkg.com/escape-string-regexp/-/escape-string-regexp-1.0.5.tgz#1b61c0562190a8dff6ae3bb2cf0200ca130b86d4"

has-flag@^2.0.0:
  version "2.0.0"
  resolved "https://registry.yarnpkg.com/has-flag/-/has-flag-2.0.0.tgz#e8207af1cc7b30d446cc70b734b5e8be18f88d51"

has-flag@^3.0.0:
  version "3.0.0"
  resolved "https://registry.yarnpkg.com/has-flag/-/has-flag-3.0.0.tgz#b5d454dc2199ae225699f3467e5a07f3b955bafd"

object-assign@^4.0.1:
  version "4.1.1"
  resolved "https://registry.yarnpkg.com/object-assign/-/object-assign-4.1.1.tgz#2109adc7965887cfc05cbbd442cac8bfbb360863"

postcss-easings@^1.0.1:
  version "1.0.1"
  resolved "https://registry.yarnpkg.com/postcss-easings/-/postcss-easings-1.0.1.tgz#a7b9ebddabe5f8589e245256bd565408ea3366c3"
  dependencies:
    postcss "^6.0.14"
    postcss-value-parser "^3.3.0"

postcss-extend-rule@^1.1.0:
  version "1.1.0"
  resolved "https://registry.yarnpkg.com/postcss-extend-rule/-/postcss-extend-rule-1.1.0.tgz#11e4d590ffe4253b853ef1fc03be7167da607d38"
  dependencies:
    postcss "^6.0.11"
    postcss-nesting "^4.2.1"

postcss-family@^1.0.1:
  version "1.0.1"
  resolved "https://registry.yarnpkg.com/postcss-family/-/postcss-family-1.0.1.tgz#ddb9e9e9dfc5d400e47c6de3c51afda5083cb6eb"

postcss-font-weights@^4.0.0:
  version "4.0.0"
  resolved "https://registry.yarnpkg.com/postcss-font-weights/-/postcss-font-weights-4.0.0.tgz#c01014047f62a3d51d3f283c0f53f1a49ca1446f"
  dependencies:
    css-font-weight-names "^0.2.1"
    postcss "^6.0.1"
    postcss-value-parser "^3.3.0"

postcss-nesting@^4.2.1:
  version "4.2.1"
  resolved "https://registry.yarnpkg.com/postcss-nesting/-/postcss-nesting-4.2.1.tgz#0483bce338b3f0828ced90ff530b29b98b00300d"
  dependencies:
    postcss "^6.0.11"

postcss-overflow@^1.1.5:
  version "1.1.5"
  resolved "https://registry.yarnpkg.com/postcss-overflow/-/postcss-overflow-1.1.5.tgz#0a4052bb4e574e57f0b99319ec6687bfc6d52abe"
  dependencies:
    postcss "^6.0.1"

postcss-property-lookup@^2.0.0:
  version "2.0.0"
  resolved "https://registry.yarnpkg.com/postcss-property-lookup/-/postcss-property-lookup-2.0.0.tgz#c995d1df42a75420f2aea834c2cbe296b2c15922"
  dependencies:
    object-assign "^4.0.1"
    postcss "^6.0.6"
    tcomb "^3.2.21"

postcss-short-border-radius@^2.0.0:
  version "2.0.0"
  resolved "https://registry.yarnpkg.com/postcss-short-border-radius/-/postcss-short-border-radius-2.0.0.tgz#a87b1d60ac433222963945d90e2b7a5b3bc24453"
  dependencies:
    postcss "^6.0.1"

postcss-short-border@^3.0.0:
  version "3.0.0"
  resolved "https://registry.yarnpkg.com/postcss-short-border/-/postcss-short-border-3.0.0.tgz#e56379c4a2f5327d81db61acd42bc6025dfcb9d9"
  dependencies:
    postcss "^6.0.1"

postcss-short-color@^3.0.0:
  version "3.0.0"
  resolved "https://registry.yarnpkg.com/postcss-short-color/-/postcss-short-color-3.0.0.tgz#874e9af3301cf5f5413d7bd235caf1dc0105ac38"
  dependencies:
    postcss "^6.0.1"

postcss-short-font-size@^4.0.0:
  version "4.0.0"
  resolved "https://registry.yarnpkg.com/postcss-short-font-size/-/postcss-short-font-size-4.0.0.tgz#750a4411a776e9deecdc90b9e8d82226ef79cee9"
  dependencies:
    postcss "^6.0.1"

postcss-short-position@^3.0.0:
  version "3.0.0"
  resolved "https://registry.yarnpkg.com/postcss-short-position/-/postcss-short-position-3.0.0.tgz#1874105a4c8c768fe57bbb8ab5f048a5431293d4"
  dependencies:
    postcss "^6.0.1"

postcss-short-size@^3.0.0:
  version "3.0.0"
  resolved "https://registry.yarnpkg.com/postcss-short-size/-/postcss-short-size-3.0.0.tgz#0905e11c7c14d42551260407894f57466c102fbc"
  dependencies:
    postcss "^6.0.1"

postcss-short-spacing@^3.0.0:
  version "3.0.0"
  resolved "https://registry.yarnpkg.com/postcss-short-spacing/-/postcss-short-spacing-3.0.0.tgz#360c5e496fca1250aeeac5988d82e7c409352ca0"
  dependencies:
    postcss "^6.0.1"

postcss-short@^4.1.0:
  version "4.1.0"
  resolved "https://registry.yarnpkg.com/postcss-short/-/postcss-short-4.1.0.tgz#179d72f1980768c885914d2f8c0a511e3335303a"
  dependencies:
    postcss "^6.0.1"
    postcss-font-weights "^4.0.0"
    postcss-overflow "^1.1.5"
    postcss-short-border "^3.0.0"
    postcss-short-border-radius "^2.0.0"
    postcss-short-color "^3.0.0"
    postcss-short-font-size "^4.0.0"
    postcss-short-position "^3.0.0"
    postcss-short-size "^3.0.0"
    postcss-short-spacing "^3.0.0"

postcss-value-parser@^3.3.0:
  version "3.3.0"
  resolved "https://registry.yarnpkg.com/postcss-value-parser/-/postcss-value-parser-3.3.0.tgz#87f38f9f18f774a4ab4c8a232f5c5ce8872a9d15"

postcss@^6.0.1, postcss@^6.0.11, postcss@^6.0.13, postcss@^6.0.6:
  version "6.0.13"
  resolved "https://registry.yarnpkg.com/postcss/-/postcss-6.0.13.tgz#b9ecab4ee00c89db3ec931145bd9590bbf3f125f"
  dependencies:
    chalk "^2.1.0"
    source-map "^0.6.1"
    supports-color "^4.4.0"

postcss@^6.0.14:
  version "6.0.19"
  resolved "https://registry.yarnpkg.com/postcss/-/postcss-6.0.19.tgz#76a78386f670b9d9494a655bf23ac012effd1555"
  dependencies:
    chalk "^2.3.1"
    source-map "^0.6.1"
    supports-color "^5.2.0"

source-map@^0.6.1:
  version "0.6.1"
  resolved "https://registry.yarnpkg.com/source-map/-/source-map-0.6.1.tgz#74722af32e9614e9c287a8d0bbde48b5e2f1a263"

supports-color@^4.0.0, supports-color@^4.4.0:
  version "4.4.0"
  resolved "https://registry.yarnpkg.com/supports-color/-/supports-color-4.4.0.tgz#883f7ddabc165142b2a61427f3352ded195d1a3e"
  dependencies:
    has-flag "^2.0.0"

supports-color@^5.2.0:
  version "5.2.0"
  resolved "https://registry.yarnpkg.com/supports-color/-/supports-color-5.2.0.tgz#b0d5333b1184dd3666cbe5aa0b45c5ac7ac17a4a"
  dependencies:
    has-flag "^3.0.0"

tcomb@^3.2.21:
  version "3.2.24"
  resolved "https://registry.yarnpkg.com/tcomb/-/tcomb-3.2.24.tgz#7f427053cc393b5997c4c3d859ca20411180887b"
